{
  "lockfileVersion": 1,
  "workspaces": {
    "": {
      "name": "tevm",
      "dependencies": {
        "@ethereumjs/common": "^4.4.0",
        "@ethereumjs/evm": "^3.1.1",
        "@ethereumjs/statemanager": "^2.4.0",
        "@ethereumjs/util": "^9.1.0",
      },
      "devDependencies": {
        "@types/bun": "latest",
      },
      "peerDependencies": {
        "typescript": "^5",
      },
    },
  },
  "packages": {
    "@ethereumjs/common": ["@ethereumjs/common@4.4.0", "", { "dependencies": { "@ethereumjs/util": "^9.1.0" } }, "sha512-Fy5hMqF6GsE6DpYTyqdDIJPJgUtDn4dL120zKw+Pswuo+iLyBsEYuSyzMw6NVzD2vDzcBG9fE4+qX4X2bPc97w=="],

    "@ethereumjs/evm": ["@ethereumjs/evm@3.1.1", "", { "dependencies": { "@ethereumjs/common": "^4.4.0", "@ethereumjs/statemanager": "^2.4.0", "@ethereumjs/tx": "^5.4.0", "@ethereumjs/util": "^9.1.0", "@noble/curves": "^1.4.2", "@types/debug": "^4.1.9", "debug": "^4.3.3", "ethereum-cryptography": "^2.2.1", "rustbn-wasm": "^0.4.0" } }, "sha512-JbDXtIn0PPZFU2oqVngje0YvW/JuNa6Y+kIYp1MCh5pn9NRplR8FkBbvb991fVSSo6AzuFMHJxSwgVl+OksnvQ=="],

    "@ethereumjs/rlp": ["@ethereumjs/rlp@5.0.2", "", { "bin": { "rlp": "bin/rlp.cjs" } }, "sha512-DziebCdg4JpGlEqEdGgXmjqcFoJi+JGulUXwEjsZGAscAQ7MyD/7LE/GVCP29vEQxKc7AAwjT3A2ywHp2xfoCA=="],

    "@ethereumjs/statemanager": ["@ethereumjs/statemanager@2.4.0", "", { "dependencies": { "@ethereumjs/common": "^4.4.0", "@ethereumjs/rlp": "^5.0.2", "@ethereumjs/trie": "^6.2.1", "@ethereumjs/util": "^9.1.0", "debug": "^4.3.3", "ethereum-cryptography": "^2.2.1", "js-sdsl": "^4.1.4", "lru-cache": "10.1.0" } }, "sha512-IBe5kMGsDWlSvNg7QCERwO3BQE1c9hzVIZ9ktZF7xyifFEfA4VNhTMMEpwLuiAIy0l/ZzZiZ17/Iqar+SawMYA=="],

    "@ethereumjs/trie": ["@ethereumjs/trie@6.2.1", "", { "dependencies": { "@ethereumjs/rlp": "^5.0.2", "@ethereumjs/util": "^9.1.0", "@types/readable-stream": "^2.3.13", "debug": "^4.3.4", "ethereum-cryptography": "^2.2.1", "lru-cache": "10.1.0", "readable-stream": "^3.6.0" } }, "sha512-MguABMVi/dPtgagK+SuY57rpXFP+Ghr2x+pBDy+e3VmMqUY+WGzFu1QWjBb5/iJ7lINk4CI2Uwsih07Nu9sTSg=="],

    "@ethereumjs/tx": ["@ethereumjs/tx@5.4.0", "", { "dependencies": { "@ethereumjs/common": "^4.4.0", "@ethereumjs/rlp": "^5.0.2", "@ethereumjs/util": "^9.1.0", "ethereum-cryptography": "^2.2.1" } }, "sha512-SCHnK7m/AouZ7nyoR0MEXw1OO/tQojSbp88t8oxhwes5iZkZCtfFdUrJaiIb72qIpH2FVw6s1k1uP7LXuH7PsA=="],

    "@ethereumjs/util": ["@ethereumjs/util@9.1.0", "", { "dependencies": { "@ethereumjs/rlp": "^5.0.2", "ethereum-cryptography": "^2.2.1" } }, "sha512-XBEKsYqLGXLah9PNJbgdkigthkG7TAGvlD/sH12beMXEyHDyigfcbdvHhmLyDWgDyOJn4QwiQUaF7yeuhnjdog=="],

    "@noble/curves": ["@noble/curves@1.9.2", "", { "dependencies": { "@noble/hashes": "1.8.0" } }, "sha512-HxngEd2XUcg9xi20JkwlLCtYwfoFw4JGkuZpT+WlsPD4gB/cxkvTD8fSsoAnphGZhFdZYKeQIPCuFlWPm1uE0g=="],

    "@noble/hashes": ["@noble/hashes@1.8.0", "", {}, "sha512-jCs9ldd7NwzpgXDIf6P3+NrHh9/sD6CQdxHyjQI+h/6rDNo88ypBxxz45UDuZHz9r3tNz7N/VInSVoVdtXEI4A=="],

    "@scure/base": ["@scure/base@1.2.6", "", {}, "sha512-g/nm5FgUa//MCj1gV09zTJTaM6KBAHqLN907YVQqf7zC49+DcO4B1so4ZX07Ef10Twr6nuqYEH9GEggFXA4Fmg=="],

    "@scure/bip32": ["@scure/bip32@1.4.0", "", { "dependencies": { "@noble/curves": "~1.4.0", "@noble/hashes": "~1.4.0", "@scure/base": "~1.1.6" } }, "sha512-sVUpc0Vq3tXCkDGYVWGIZTRfnvu8LoTDaev7vbwh0omSvVORONr960MQWdKqJDCReIEmTj3PAr73O3aoxz7OPg=="],

    "@scure/bip39": ["@scure/bip39@1.3.0", "", { "dependencies": { "@noble/hashes": "~1.4.0", "@scure/base": "~1.1.6" } }, "sha512-disdg7gHuTDZtY+ZdkmLpPCk7fxZSu3gBiEGuoC1XYxv9cGx3Z6cpTggCgW6odSOOIXCiDjuGejW+aJKCY/pIQ=="],

    "@types/bun": ["@types/bun@1.2.19", "", { "dependencies": { "bun-types": "1.2.19" } }, "sha512-d9ZCmrH3CJ2uYKXQIUuZ/pUnTqIvLDS0SK7pFmbx8ma+ziH/FRMoAq5bYpRG7y+w1gl+HgyNZbtqgMq4W4e2Lg=="],

    "@types/debug": ["@types/debug@4.1.12", "", { "dependencies": { "@types/ms": "*" } }, "sha512-vIChWdVG3LG1SMxEvI/AK+FWJthlrqlTu7fbrlywTkkaONwk/UAGaULXRlf8vkzFBLVm0zkMdCquhL5aOjhXPQ=="],

    "@types/ms": ["@types/ms@2.1.0", "", {}, "sha512-GsCCIZDE/p3i96vtEqx+7dBUGXrc7zeSK3wwPHIaRThS+9OhWIXRqzs4d6k1SVU8g91DrNRWxWUGhp5KXQb2VA=="],

    "@types/node": ["@types/node@24.1.0", "", { "dependencies": { "undici-types": "~7.8.0" } }, "sha512-ut5FthK5moxFKH2T1CUOC6ctR67rQRvvHdFLCD2Ql6KXmMuCrjsSsRI9UsLCm9M18BMwClv4pn327UvB7eeO1w=="],

    "@types/react": ["@types/react@19.1.9", "", { "dependencies": { "csstype": "^3.0.2" } }, "sha512-WmdoynAX8Stew/36uTSVMcLJJ1KRh6L3IZRx1PZ7qJtBqT3dYTgyDTx8H1qoRghErydW7xw9mSJ3wS//tCRpFA=="],

    "@types/readable-stream": ["@types/readable-stream@2.3.15", "", { "dependencies": { "@types/node": "*", "safe-buffer": "~5.1.1" } }, "sha512-oM5JSKQCcICF1wvGgmecmHldZ48OZamtMxcGGVICOJA8o8cahXC1zEVAif8iwoc5j8etxFaRFnf095+CDsuoFQ=="],

    "bun-types": ["bun-types@1.2.19", "", { "dependencies": { "@types/node": "*" }, "peerDependencies": { "@types/react": "^19" } }, "sha512-uAOTaZSPuYsWIXRpj7o56Let0g/wjihKCkeRqUBhlLVM/Bt+Fj9xTo+LhC1OV1XDaGkz4hNC80et5xgy+9KTHQ=="],

    "csstype": ["csstype@3.1.3", "", {}, "sha512-M1uQkMl8rQK/szD0LNhtqxIPLpimGm8sOBwU7lLnCpSbTyY3yeU1Vc7l4KT5zT4s/yOxHH5O7tIuuLOCnLADRw=="],

    "debug": ["debug@4.4.1", "", { "dependencies": { "ms": "^2.1.3" } }, "sha512-KcKCqiftBJcZr++7ykoDIEwSa3XWowTfNPo92BYxjXiyYEVrUQh2aLyhxBCwww+heortUFxEJYcRzosstTEBYQ=="],

    "ethereum-cryptography": ["ethereum-cryptography@2.2.1", "", { "dependencies": { "@noble/curves": "1.4.2", "@noble/hashes": "1.4.0", "@scure/bip32": "1.4.0", "@scure/bip39": "1.3.0" } }, "sha512-r/W8lkHSiTLxUxW8Rf3u4HGB0xQweG2RyETjywylKZSzLWoWAijRz8WCuOtJ6wah+avllXBqZuk29HCCvhEIRg=="],

    "inherits": ["inherits@2.0.4", "", {}, "sha512-k/vGaX4/Yla3WzyMCvTQOXYeIHvqOKtnqBduzTHpzpQZzAskKMhZ2K+EnBiSM9zGSoIFeMpXKxa4dYeZIQqewQ=="],

    "js-sdsl": ["js-sdsl@4.4.2", "", {}, "sha512-dwXFwByc/ajSV6m5bcKAPwe4yDDF6D614pxmIi5odytzxRlwqF6nwoiCek80Ixc7Cvma5awClxrzFtxCQvcM8w=="],

    "lru-cache": ["lru-cache@10.1.0", "", {}, "sha512-/1clY/ui8CzjKFyjdvwPWJUYKiFVXG2I2cY0ssG7h4+hwk+XOIX7ZSG9Q7TW8TW3Kp3BUSqgFWBLgL4PJ+Blag=="],

    "ms": ["ms@2.1.3", "", {}, "sha512-6FlzubTLZG3J2a/NVCAleEhjzq5oxgHyaCU9yYXvcLsvoVaHJq/s5xXI6/XXP6tz7R9xAOtHnSO/tXtF3WRTlA=="],

    "readable-stream": ["readable-stream@3.6.2", "", { "dependencies": { "inherits": "^2.0.3", "string_decoder": "^1.1.1", "util-deprecate": "^1.0.1" } }, "sha512-9u/sniCrY3D5WdsERHzHE4G2YCXqoG5FTHUiCC4SIbr6XcLZBY05ya9EKjYek9O5xOAwjGq+1JdGBAS7Q9ScoA=="],

    "rustbn-wasm": ["rustbn-wasm@0.4.0", "", { "dependencies": { "@scure/base": "^1.1.5" } }, "sha512-C2ujvPv05hXC69MD7YwSsoUEsT/X/dKHkkgwN9B0ZTgb0OXDC9yaHhE6Pq+uaRAzMyW0Y97bwc4JO4cqPDzVuQ=="],

    "safe-buffer": ["safe-buffer@5.1.2", "", {}, "sha512-Gd2UZBJDkXlY7GbJxfsE8/nvKkUEU1G38c1siN6QP6a9PT9MmHB8GnpscSmMJSoF8LOIrt8ud/wPtojys4G6+g=="],

    "string_decoder": ["string_decoder@1.3.0", "", { "dependencies": { "safe-buffer": "~5.2.0" } }, "sha512-hkRX8U1WjJFd8LsDJ2yQ/wWWxaopEsABU1XfkM8A+j0+85JAGppt16cr1Whg6KIbb4okU6Mql6BOj+uup/wKeA=="],

    "typescript": ["typescript@5.9.2", "", { "bin": { "tsc": "bin/tsc", "tsserver": "bin/tsserver" } }, "sha512-CWBzXQrc/qOkhidw1OzBTQuYRbfyxDXJMVJ1XNwUHGROVmuaeiEm3OslpZ1RV96d7SKKjZKrSJu3+t/xlw3R9A=="],

    "undici-types": ["undici-types@7.8.0", "", {}, "sha512-9UJ2xGDvQ43tYyVMpuHlsgApydB8ZKfVYTsLDhXkFL/6gfkp+U8xTGdh8pMJv1SpZna0zxG1DwsKZsreLbXBxw=="],

    "util-deprecate": ["util-deprecate@1.0.2", "", {}, "sha512-EPD5q1uXyFxJpCrLnCc1nHnq3gOa6DZBocAIiI2TaSCA7VCJ1UJDMagCzIkXNsUYfD1daK//LTEQ8xiIbrHtcw=="],

    "@scure/bip32/@noble/curves": ["@noble/curves@1.4.2", "", { "dependencies": { "@noble/hashes": "1.4.0" } }, "sha512-TavHr8qycMChk8UwMld0ZDRvatedkzWfH8IiaeGCfymOP5i0hSCozz9vHOL0nkwk7HRMlFnAiKpS2jrUmSybcw=="],

    "@scure/bip32/@noble/hashes": ["@noble/hashes@1.4.0", "", {}, "sha512-V1JJ1WTRUqHHrOSh597hURcMqVKVGL/ea3kv0gSnEdsEZ0/+VyPghM1lMNGc00z7CIQorSvbKpuJkxvuHbvdbg=="],

    "@scure/bip32/@scure/base": ["@scure/base@1.1.9", "", {}, "sha512-8YKhl8GHiNI/pU2VMaofa2Tor7PJRAjwQLBBuilkJ9L5+13yVbC7JO/wS7piioAvPSwR3JKM1IJ/u4xQzbcXKg=="],

    "@scure/bip39/@noble/hashes": ["@noble/hashes@1.4.0", "", {}, "sha512-V1JJ1WTRUqHHrOSh597hURcMqVKVGL/ea3kv0gSnEdsEZ0/+VyPghM1lMNGc00z7CIQorSvbKpuJkxvuHbvdbg=="],

    "@scure/bip39/@scure/base": ["@scure/base@1.1.9", "", {}, "sha512-8YKhl8GHiNI/pU2VMaofa2Tor7PJRAjwQLBBuilkJ9L5+13yVbC7JO/wS7piioAvPSwR3JKM1IJ/u4xQzbcXKg=="],

    "ethereum-cryptography/@noble/curves": ["@noble/curves@1.4.2", "", { "dependencies": { "@noble/hashes": "1.4.0" } }, "sha512-TavHr8qycMChk8UwMld0ZDRvatedkzWfH8IiaeGCfymOP5i0hSCozz9vHOL0nkwk7HRMlFnAiKpS2jrUmSybcw=="],

    "ethereum-cryptography/@noble/hashes": ["@noble/hashes@1.4.0", "", {}, "sha512-V1JJ1WTRUqHHrOSh597hURcMqVKVGL/ea3kv0gSnEdsEZ0/+VyPghM1lMNGc00z7CIQorSvbKpuJkxvuHbvdbg=="],

    "string_decoder/safe-buffer": ["safe-buffer@5.2.1", "", {}, "sha512-rp3So07KcdmmKbGvgaNxQSJr7bGVSVk5S9Eq1F+ppbRo70+YeaDxkw5Dd8NPN+GD6bjnYm2VuPuCXmpuYvmCXQ=="],
  }
}
